<?xml version="1.0" encoding="utf-8"?>
<Project ToolsVersion="4.0" xmlns="http://schemas.microsoft.com/developer/msbuild/2003">
  <ItemGroup>
    <ClCompile Include="BlocoUtility.cpp" />
    <ClCompile Include="StringHelper.cpp" />
    <ClCompile Include="ZipFile.cpp" />
    <ClCompile Include="Resource.cpp" />
  </ItemGroup>
  <ItemGroup>
    <ClInclude Include="Debug.h" />
    <ClInclude Include="BlocoUtility.h" />
    <ClInclude Include="Constants.h" />
    <ClInclude Include="GameError.h" />
    <ClInclude Include="GameOptions.h" />
    <ClInclude Include="GameSystem.h" />
    <ClInclude Include="Smoother.h" />
    <ClInclude Include="Templates.h" />
    <ClInclude Include="Vec.h" />
    <ClInclude Include="StringHelper.h" />
    <ClInclude Include="ZipFile.h" />
    <ClInclude Include="Resource.h" />
  </ItemGroup>
</Project>